
Microsoft Visual Studio Solution File, Format Version 12.00
# Visual Studio Version 16
VisualStudioVersion = 16.0.31729.503
MinimumVisualStudioVersion = 10.0.40219.1
Project("{8BC9CEB8-8B4A-11D0-8D11-00A0C91BC942}") = "student2", "student2.vcxproj", "{CDF1F8CE-CE5B-48AE-86D6-0D3B7F8887ED}"
EndProject
Global
	GlobalSection(SolutionConfigurationPlatforms) = preSolution
		Debug|x64 = Debug|x64
		Debug|x86 = Debug|x86
		Release|x64 = Release|x64
		Release|x86 = Release|x86
	EndGlobalSection
	GlobalSection(ProjectConfigurationPlatforms) = postSolution
		{CDF1F8CE-CE5B-48AE-86D6-0D3B7F8887ED}.Debug|x64.ActiveCfg = Debug|x64
		{CDF1F8CE-CE5B-48AE-86D6-0D3B7F8887ED}.Debug|x64.Build.0 = Debug|x64
		{CDF1F8CE-CE5B-48AE-86D6-0D3B7F8887ED}.Debug|x86.ActiveCfg = Debug|Win32
		{CDF1F8CE-CE5B-48AE-86D6-0D3B7F8887ED}.Debug|x86.Build.0 = Debug|Win32
		{CDF1F8CE-CE5B-48AE-86D6-0D3B7F8887ED}.Release|x64.ActiveCfg = Release|x64
		{CDF1F8CE-CE5B-48AE-86D6-0D3B7F8887ED}.Release|x64.Build.0 = Release|x64
		{CDF1F8CE-CE5B-48AE-86D6-0D3B7F8887ED}.Release|x86.ActiveCfg = Release|Win32
		{CDF1F8CE-CE5B-48AE-86D6-0D3B7F8887ED}.Release|x86.Build.0 = Release|Win32
	EndGlobalSection
	GlobalSection(SolutionProperties) = preSolution
		HideSolutionNode = FALSE
	EndGlobalSection
	GlobalSection(ExtensibilityGlobals) = postSolution
		SolutionGuid = {55C8AC81-1FD2-4382-9463-9C3AE99AB400}
	EndGlobalSection
EndGlobal
